
Microsoft Visual Studio Solution File, Format Version 12.00
Project("{FAE04EC0-301F-11D3-BF4B-00C04F79EFBC}") = "StringsMix", "StringsMix\StringsMix.csproj", "{3235C7BD-ABDF-4B48-B329-803D68AF6999}"
EndProject
Project("{FAE04EC0-301F-11D3-BF4B-00C04F79EFBC}") = "StringsMixTests", "StringsMixTests\StringsMixTests.csproj", "{0692228C-AB30-4211-89C8-7226D953A98F}"
EndProject
Project("{FAE04EC0-301F-11D3-BF4B-00C04F79EFBC}") = "ScreenLockingPatterns", "ScreenLockingPatterns\ScreenLockingPatterns.csproj", "{8CD11DFA-2EB7-4AB6-82F1-D91DB17C9867}"
EndProject
Project("{FAE04EC0-301F-11D3-BF4B-00C04F79EFBC}") = "ScreenLockingPatternsTests", "ScreenLockingPatternsTests\ScreenLockingPatternsTests.csproj", "{B4F850AD-B498-48E2-80AB-C535897DC3C3}"
EndProject
Project("{FAE04EC0-301F-11D3-BF4B-00C04F79EFBC}") = "NParasiticNumbersEndingInN", "NParasiticNumbersEndingInN\NParasiticNumbersEndingInN.csproj", "{FF018AA2-A0CF-42EB-8A49-866EB6B6394A}"
EndProject
Project("{FAE04EC0-301F-11D3-BF4B-00C04F79EFBC}") = "NParasiticNumbersEndingInNTests", "NParasiticNumbersEndingInNTests\NParasiticNumbersEndingInNTests.csproj", "{86A5577F-8B19-41AE-906B-44A1F9F178A6}"
EndProject
Project("{FAE04EC0-301F-11D3-BF4B-00C04F79EFBC}") = "LineSafari", "LineSafari\LineSafari.csproj", "{3F33E9BD-3864-4DA9-B51F-093491574CAE}"
EndProject
Project("{FAE04EC0-301F-11D3-BF4B-00C04F79EFBC}") = "LineSafariTests", "LineSafariTests\LineSafariTests.csproj", "{D980F19F-062C-4F9B-811A-C8C69BB24B02}"
EndProject
Project("{FAE04EC0-301F-11D3-BF4B-00C04F79EFBC}") = "DescendingOrder", "DescendingOrder\DescendingOrder.csproj", "{963290FA-3915-40E6-BCB5-BCBFC8AEB5AB}"
EndProject
Project("{FAE04EC0-301F-11D3-BF4B-00C04F79EFBC}") = "DescendingOrderTests", "DescendingOrderTests\DescendingOrderTests.csproj", "{77618483-BE93-4AE6-9F90-43D246F98A17}"
EndProject
Project("{FAE04EC0-301F-11D3-BF4B-00C04F79EFBC}") = "BattleshipFieldValidator", "BattleshipFieldValidator\BattleshipFieldValidator.csproj", "{04C16CD9-E4D2-4203-B072-585080B0D865}"
EndProject
Project("{FAE04EC0-301F-11D3-BF4B-00C04F79EFBC}") = "BattleshipFieldValidatorTests", "BattleshipFieldValidatorTests\BattleshipFieldValidatorTests.csproj", "{3BA6097C-0E4B-42BC-BDDB-F87037CC46C8}"
EndProject
Project("{FAE04EC0-301F-11D3-BF4B-00C04F79EFBC}") = "SimpleAssemblerInterpreter", "SimpleAssemblerInterpreter\SimpleAssemblerInterpreter.csproj", "{CCC91E17-0E50-433B-A228-A4734065FDB8}"
EndProject
Project("{FAE04EC0-301F-11D3-BF4B-00C04F79EFBC}") = "SimpleAssemblerInterpreterTests", "SimpleAssemblerInterpreterTests\SimpleAssemblerInterpreterTests.csproj", "{879EB90A-32BC-4D85-9E88-F585144D817E}"
EndProject
Project("{FAE04EC0-301F-11D3-BF4B-00C04F79EFBC}") = "AssemblerInterpreter", "AssemblerInterpreter\AssemblerInterpreter.csproj", "{ECF5BC98-612D-4655-A5BD-52CA2A02D4C0}"
EndProject
Project("{FAE04EC0-301F-11D3-BF4B-00C04F79EFBC}") = "AssemblerInterpreterTests", "AssemblerInterpreterTests\AssemblerInterpreterTests.csproj", "{971AC751-588B-40C8-BE4C-2DD59C52557F}"
EndProject
Project("{FAE04EC0-301F-11D3-BF4B-00C04F79EFBC}") = "SixBySixSkyscrapers", "SixBySixSkyscrapers\SixBySixSkyscrapers.csproj", "{923A2E7A-392B-4D47-9F1E-08D85D6F5CED}"
EndProject
Project("{FAE04EC0-301F-11D3-BF4B-00C04F79EFBC}") = "SixBySixSkyscrapersTests", "SixBySixSkyscrapersTests\SixBySixSkyscrapersTests.csproj", "{4CD39BDC-635E-4BF7-B80F-9DF25465CC64}"
EndProject
Project("{FAE04EC0-301F-11D3-BF4B-00C04F79EFBC}") = "CrosswordPuzzle", "CrosswordPuzzle\CrosswordPuzzle.csproj", "{1A2D0373-CE98-4871-8B7F-685BEF497BE2}"
EndProject
Project("{FAE04EC0-301F-11D3-BF4B-00C04F79EFBC}") = "CrosswordPuzzleTests", "CrosswordPuzzleTests\CrosswordPuzzleTests.csproj", "{5073C511-9AA6-4689-87C6-4BFE59D838D1}"
EndProject
Global
	GlobalSection(SolutionConfigurationPlatforms) = preSolution
		Debug|Any CPU = Debug|Any CPU
		Release|Any CPU = Release|Any CPU
	EndGlobalSection
	GlobalSection(ProjectConfigurationPlatforms) = postSolution
		{3235C7BD-ABDF-4B48-B329-803D68AF6999}.Debug|Any CPU.ActiveCfg = Debug|Any CPU
		{3235C7BD-ABDF-4B48-B329-803D68AF6999}.Debug|Any CPU.Build.0 = Debug|Any CPU
		{3235C7BD-ABDF-4B48-B329-803D68AF6999}.Release|Any CPU.ActiveCfg = Release|Any CPU
		{3235C7BD-ABDF-4B48-B329-803D68AF6999}.Release|Any CPU.Build.0 = Release|Any CPU
		{0692228C-AB30-4211-89C8-7226D953A98F}.Debug|Any CPU.ActiveCfg = Debug|Any CPU
		{0692228C-AB30-4211-89C8-7226D953A98F}.Debug|Any CPU.Build.0 = Debug|Any CPU
		{0692228C-AB30-4211-89C8-7226D953A98F}.Release|Any CPU.ActiveCfg = Release|Any CPU
		{0692228C-AB30-4211-89C8-7226D953A98F}.Release|Any CPU.Build.0 = Release|Any CPU
		{8CD11DFA-2EB7-4AB6-82F1-D91DB17C9867}.Debug|Any CPU.ActiveCfg = Debug|Any CPU
		{8CD11DFA-2EB7-4AB6-82F1-D91DB17C9867}.Debug|Any CPU.Build.0 = Debug|Any CPU
		{8CD11DFA-2EB7-4AB6-82F1-D91DB17C9867}.Release|Any CPU.ActiveCfg = Release|Any CPU
		{8CD11DFA-2EB7-4AB6-82F1-D91DB17C9867}.Release|Any CPU.Build.0 = Release|Any CPU
		{B4F850AD-B498-48E2-80AB-C535897DC3C3}.Debug|Any CPU.ActiveCfg = Debug|Any CPU
		{B4F850AD-B498-48E2-80AB-C535897DC3C3}.Debug|Any CPU.Build.0 = Debug|Any CPU
		{B4F850AD-B498-48E2-80AB-C535897DC3C3}.Release|Any CPU.ActiveCfg = Release|Any CPU
		{B4F850AD-B498-48E2-80AB-C535897DC3C3}.Release|Any CPU.Build.0 = Release|Any CPU
		{FF018AA2-A0CF-42EB-8A49-866EB6B6394A}.Debug|Any CPU.ActiveCfg = Debug|Any CPU
		{FF018AA2-A0CF-42EB-8A49-866EB6B6394A}.Debug|Any CPU.Build.0 = Debug|Any CPU
		{FF018AA2-A0CF-42EB-8A49-866EB6B6394A}.Release|Any CPU.ActiveCfg = Release|Any CPU
		{FF018AA2-A0CF-42EB-8A49-866EB6B6394A}.Release|Any CPU.Build.0 = Release|Any CPU
		{86A5577F-8B19-41AE-906B-44A1F9F178A6}.Debug|Any CPU.ActiveCfg = Debug|Any CPU
		{86A5577F-8B19-41AE-906B-44A1F9F178A6}.Debug|Any CPU.Build.0 = Debug|Any CPU
		{86A5577F-8B19-41AE-906B-44A1F9F178A6}.Release|Any CPU.ActiveCfg = Release|Any CPU
		{86A5577F-8B19-41AE-906B-44A1F9F178A6}.Release|Any CPU.Build.0 = Release|Any CPU
		{3F33E9BD-3864-4DA9-B51F-093491574CAE}.Debug|Any CPU.ActiveCfg = Debug|Any CPU
		{3F33E9BD-3864-4DA9-B51F-093491574CAE}.Debug|Any CPU.Build.0 = Debug|Any CPU
		{3F33E9BD-3864-4DA9-B51F-093491574CAE}.Release|Any CPU.ActiveCfg = Release|Any CPU
		{3F33E9BD-3864-4DA9-B51F-093491574CAE}.Release|Any CPU.Build.0 = Release|Any CPU
		{D980F19F-062C-4F9B-811A-C8C69BB24B02}.Debug|Any CPU.ActiveCfg = Debug|Any CPU
		{D980F19F-062C-4F9B-811A-C8C69BB24B02}.Debug|Any CPU.Build.0 = Debug|Any CPU
		{D980F19F-062C-4F9B-811A-C8C69BB24B02}.Release|Any CPU.ActiveCfg = Release|Any CPU
		{D980F19F-062C-4F9B-811A-C8C69BB24B02}.Release|Any CPU.Build.0 = Release|Any CPU
		{963290FA-3915-40E6-BCB5-BCBFC8AEB5AB}.Debug|Any CPU.ActiveCfg = Debug|Any CPU
		{963290FA-3915-40E6-BCB5-BCBFC8AEB5AB}.Debug|Any CPU.Build.0 = Debug|Any CPU
		{963290FA-3915-40E6-BCB5-BCBFC8AEB5AB}.Release|Any CPU.ActiveCfg = Release|Any CPU
		{963290FA-3915-40E6-BCB5-BCBFC8AEB5AB}.Release|Any CPU.Build.0 = Release|Any CPU
		{77618483-BE93-4AE6-9F90-43D246F98A17}.Debug|Any CPU.ActiveCfg = Debug|Any CPU
		{77618483-BE93-4AE6-9F90-43D246F98A17}.Debug|Any CPU.Build.0 = Debug|Any CPU
		{77618483-BE93-4AE6-9F90-43D246F98A17}.Release|Any CPU.ActiveCfg = Release|Any CPU
		{77618483-BE93-4AE6-9F90-43D246F98A17}.Release|Any CPU.Build.0 = Release|Any CPU
		{04C16CD9-E4D2-4203-B072-585080B0D865}.Debug|Any CPU.ActiveCfg = Debug|Any CPU
		{04C16CD9-E4D2-4203-B072-585080B0D865}.Debug|Any CPU.Build.0 = Debug|Any CPU
		{04C16CD9-E4D2-4203-B072-585080B0D865}.Release|Any CPU.ActiveCfg = Release|Any CPU
		{04C16CD9-E4D2-4203-B072-585080B0D865}.Release|Any CPU.Build.0 = Release|Any CPU
		{3BA6097C-0E4B-42BC-BDDB-F87037CC46C8}.Debug|Any CPU.ActiveCfg = Debug|Any CPU
		{3BA6097C-0E4B-42BC-BDDB-F87037CC46C8}.Debug|Any CPU.Build.0 = Debug|Any CPU
		{3BA6097C-0E4B-42BC-BDDB-F87037CC46C8}.Release|Any CPU.ActiveCfg = Release|Any CPU
		{3BA6097C-0E4B-42BC-BDDB-F87037CC46C8}.Release|Any CPU.Build.0 = Release|Any CPU
		{CCC91E17-0E50-433B-A228-A4734065FDB8}.Debug|Any CPU.ActiveCfg = Debug|Any CPU
		{CCC91E17-0E50-433B-A228-A4734065FDB8}.Debug|Any CPU.Build.0 = Debug|Any CPU
		{CCC91E17-0E50-433B-A228-A4734065FDB8}.Release|Any CPU.ActiveCfg = Release|Any CPU
		{CCC91E17-0E50-433B-A228-A4734065FDB8}.Release|Any CPU.Build.0 = Release|Any CPU
		{879EB90A-32BC-4D85-9E88-F585144D817E}.Debug|Any CPU.ActiveCfg = Debug|Any CPU
		{879EB90A-32BC-4D85-9E88-F585144D817E}.Debug|Any CPU.Build.0 = Debug|Any CPU
		{879EB90A-32BC-4D85-9E88-F585144D817E}.Release|Any CPU.ActiveCfg = Release|Any CPU
		{879EB90A-32BC-4D85-9E88-F585144D817E}.Release|Any CPU.Build.0 = Release|Any CPU
		{ECF5BC98-612D-4655-A5BD-52CA2A02D4C0}.Debug|Any CPU.ActiveCfg = Debug|Any CPU
		{ECF5BC98-612D-4655-A5BD-52CA2A02D4C0}.Debug|Any CPU.Build.0 = Debug|Any CPU
		{ECF5BC98-612D-4655-A5BD-52CA2A02D4C0}.Release|Any CPU.ActiveCfg = Release|Any CPU
		{ECF5BC98-612D-4655-A5BD-52CA2A02D4C0}.Release|Any CPU.Build.0 = Release|Any CPU
		{971AC751-588B-40C8-BE4C-2DD59C52557F}.Debug|Any CPU.ActiveCfg = Debug|Any CPU
		{971AC751-588B-40C8-BE4C-2DD59C52557F}.Debug|Any CPU.Build.0 = Debug|Any CPU
		{971AC751-588B-40C8-BE4C-2DD59C52557F}.Release|Any CPU.ActiveCfg = Release|Any CPU
		{971AC751-588B-40C8-BE4C-2DD59C52557F}.Release|Any CPU.Build.0 = Release|Any CPU
		{923A2E7A-392B-4D47-9F1E-08D85D6F5CED}.Debug|Any CPU.ActiveCfg = Debug|Any CPU
		{923A2E7A-392B-4D47-9F1E-08D85D6F5CED}.Debug|Any CPU.Build.0 = Debug|Any CPU
		{923A2E7A-392B-4D47-9F1E-08D85D6F5CED}.Release|Any CPU.ActiveCfg = Release|Any CPU
		{923A2E7A-392B-4D47-9F1E-08D85D6F5CED}.Release|Any CPU.Build.0 = Release|Any CPU
		{4CD39BDC-635E-4BF7-B80F-9DF25465CC64}.Debug|Any CPU.ActiveCfg = Debug|Any CPU
		{4CD39BDC-635E-4BF7-B80F-9DF25465CC64}.Debug|Any CPU.Build.0 = Debug|Any CPU
		{4CD39BDC-635E-4BF7-B80F-9DF25465CC64}.Release|Any CPU.ActiveCfg = Release|Any CPU
		{4CD39BDC-635E-4BF7-B80F-9DF25465CC64}.Release|Any CPU.Build.0 = Release|Any CPU
		{1A2D0373-CE98-4871-8B7F-685BEF497BE2}.Debug|Any CPU.ActiveCfg = Debug|Any CPU
		{1A2D0373-CE98-4871-8B7F-685BEF497BE2}.Debug|Any CPU.Build.0 = Debug|Any CPU
		{1A2D0373-CE98-4871-8B7F-685BEF497BE2}.Release|Any CPU.ActiveCfg = Release|Any CPU
		{1A2D0373-CE98-4871-8B7F-685BEF497BE2}.Release|Any CPU.Build.0 = Release|Any CPU
		{5073C511-9AA6-4689-87C6-4BFE59D838D1}.Debug|Any CPU.ActiveCfg = Debug|Any CPU
		{5073C511-9AA6-4689-87C6-4BFE59D838D1}.Debug|Any CPU.Build.0 = Debug|Any CPU
		{5073C511-9AA6-4689-87C6-4BFE59D838D1}.Release|Any CPU.ActiveCfg = Release|Any CPU
		{5073C511-9AA6-4689-87C6-4BFE59D838D1}.Release|Any CPU.Build.0 = Release|Any CPU
	EndGlobalSection
EndGlobal
